<?xml version="1.0" encoding="utf-8"?>
<Project ToolsVersion="4.0" xmlns="http://schemas.microsoft.com/developer/msbuild/2003">
  <ItemGroup>
    <Filter Include="Neurex">
      <UniqueIdentifier>{7C2B37C5-68CD-619B-5188-75EF3DC9E8EB}</UniqueIdentifier>
    </Filter>
    <Filter Include="Neurex\Events">
      <UniqueIdentifier>{15f88a21-0ca1-4726-b70a-0119a88a2e70}</UniqueIdentifier>
    </Filter>
  </ItemGroup>
  <ItemGroup>
    <ClInclude Include="src\Neurex.h" />
    <ClInclude Include="src\Neurex\Application.h">
      <Filter>Neurex</Filter>
    </ClInclude>
    <ClInclude Include="src\Neurex\Logger.h">
      <Filter>Neurex</Filter>
    </ClInclude>
    <ClInclude Include="src\Neurex\NXCore.h">
      <Filter>Neurex</Filter>
    </ClInclude>
    <ClInclude Include="src\Neurex\NXEntryPoint.h">
      <Filter>Neurex</Filter>
    </ClInclude>
    <ClInclude Include="Event.h">
      <Filter>Neurex\Events</Filter>
    </ClInclude>
    <ClInclude Include="KeyEvent.h">
      <Filter>Neurex\Events</Filter>
    </ClInclude>
    <ClInclude Include="ApplicationEvent.h">
      <Filter>Neurex\Events</Filter>
    </ClInclude>
    <ClInclude Include="MouseEvent.h">
      <Filter>Neurex\Events</Filter>
    </ClInclude>
  </ItemGroup>
  <ItemGroup>
    <ClCompile Include="src\Neurex\Application.cpp">
      <Filter>Neurex</Filter>
    </ClCompile>
    <ClCompile Include="src\Neurex\Logger.cpp">
      <Filter>Neurex</Filter>
    </ClCompile>
  </ItemGroup>
</Project>