<?xml version="1.0" encoding="utf-8"?>
<Project ToolsVersion="4.0" xmlns="http://schemas.microsoft.com/developer/msbuild/2003">
  <ItemGroup>
    <Filter Include="Neurex">
      <UniqueIdentifier>{7C2B37C5-68CD-619B-5188-75EF3DC9E8EB}</UniqueIdentifier>
    </Filter>
    <Filter Include="Neurex\events">
      <UniqueIdentifier>{00A81676-6C68-92AC-35A3-DB29A122D788}</UniqueIdentifier>
    </Filter>
    <Filter Include="Neurex\imgui">
      <UniqueIdentifier>{E6E52C59-D248-BCFD-7BCE-F4B367108880}</UniqueIdentifier>
    </Filter>
    <Filter Include="Platform">
      <UniqueIdentifier>{2AC788B4-1694-E3BF-3FAD-D1672BD9184E}</UniqueIdentifier>
    </Filter>
    <Filter Include="Platform\OpenGL">
      <UniqueIdentifier>{1E7D2C1D-8A08-9AE1-9319-1DD6FF23F6E1}</UniqueIdentifier>
    </Filter>
    <Filter Include="Platform\Windows">
      <UniqueIdentifier>{64FBD71A-50F4-F66C-7926-DCF1657ED678}</UniqueIdentifier>
    </Filter>
  </ItemGroup>
  <ItemGroup>
    <ClInclude Include="src\Neurex.h" />
    <ClInclude Include="src\Neurex\Application.h">
      <Filter>Neurex</Filter>
    </ClInclude>
    <ClInclude Include="src\Neurex\Core.h">
      <Filter>Neurex</Filter>
    </ClInclude>
    <ClInclude Include="src\Neurex\EntryPoint.h">
      <Filter>Neurex</Filter>
    </ClInclude>
    <ClInclude Include="src\Neurex\Layer.h">
      <Filter>Neurex</Filter>
    </ClInclude>
    <ClInclude Include="src\Neurex\LayerStack.h">
      <Filter>Neurex</Filter>
    </ClInclude>
    <ClInclude Include="src\Neurex\Logger.h">
      <Filter>Neurex</Filter>
    </ClInclude>
    <ClInclude Include="src\Neurex\Window.h">
      <Filter>Neurex</Filter>
    </ClInclude>
    <ClInclude Include="src\Neurex\events\ApplicationEvent.h">
      <Filter>Neurex\events</Filter>
    </ClInclude>
    <ClInclude Include="src\Neurex\events\Event.h">
      <Filter>Neurex\events</Filter>
    </ClInclude>
    <ClInclude Include="src\Neurex\events\KeyEvent.h">
      <Filter>Neurex\events</Filter>
    </ClInclude>
    <ClInclude Include="src\Neurex\events\MouseEvent.h">
      <Filter>Neurex\events</Filter>
    </ClInclude>
    <ClInclude Include="src\Neurex\imgui\ImGuiLayer.h">
      <Filter>Neurex\imgui</Filter>
    </ClInclude>
    <ClInclude Include="src\Platform\OpenGL\ImGuiOpenGLRenderer.h">
      <Filter>Platform\OpenGL</Filter>
    </ClInclude>
    <ClInclude Include="src\Platform\OpenGL\imgui_impl_opengl3_loader.h">
      <Filter>Platform\OpenGL</Filter>
    </ClInclude>
    <ClInclude Include="src\Platform\Windows\WindowsWindow.h">
      <Filter>Platform\Windows</Filter>
    </ClInclude>
    <ClInclude Include="src\nxpch.h" />
    <ClInclude Include="src\Neurex\Input.h" />
    <ClInclude Include="src\Platform\Windows\WindowsInput.h" />
    <ClInclude Include="src\Neurex\KeyCodes.h" />
    <ClInclude Include="src\Neurex\MouseCodes.h" />
  </ItemGroup>
  <ItemGroup>
    <ClCompile Include="src\Neurex\Application.cpp">
      <Filter>Neurex</Filter>
    </ClCompile>
    <ClCompile Include="src\Neurex\Layer.cpp">
      <Filter>Neurex</Filter>
    </ClCompile>
    <ClCompile Include="src\Neurex\LayerStack.cpp">
      <Filter>Neurex</Filter>
    </ClCompile>
    <ClCompile Include="src\Neurex\Logger.cpp">
      <Filter>Neurex</Filter>
    </ClCompile>
    <ClCompile Include="src\Neurex\imgui\ImGuiLayer.cpp">
      <Filter>Neurex\imgui</Filter>
    </ClCompile>
    <ClCompile Include="src\Platform\OpenGL\ImGuiOpenGLRenderer.cpp">
      <Filter>Platform\OpenGL</Filter>
    </ClCompile>
    <ClCompile Include="src\Platform\Windows\WindowsWindow.cpp">
      <Filter>Platform\Windows</Filter>
    </ClCompile>
    <ClCompile Include="src\nxpch.cpp" />
    <ClCompile Include="src\Platform\Windows\WindowsInput.cpp" />
  </ItemGroup>
</Project>